
Microsoft Visual Studio Solution File, Format Version 12.00
# Visual Studio Version 17
VisualStudioVersion = 17.3.32811.315
MinimumVisualStudioVersion = 10.0.40219.1
Project("{FAE04EC0-301F-11D3-BF4B-00C04F79EFBC}") = "GAM27092023_BLAZOR", "GAM27092023_BLAZOR\GAM27092023_BLAZOR.csproj", "{0A15785B-62FD-486D-B890-C34ADF276777}"
EndProject
Global
	GlobalSection(SolutionConfigurationPlatforms) = preSolution
		Debug|Any CPU = Debug|Any CPU
		Release|Any CPU = Release|Any CPU
	EndGlobalSection
	GlobalSection(ProjectConfigurationPlatforms) = postSolution
		{0A15785B-62FD-486D-B890-C34ADF276777}.Debug|Any CPU.ActiveCfg = Debug|Any CPU
		{0A15785B-62FD-486D-B890-C34ADF276777}.Debug|Any CPU.Build.0 = Debug|Any CPU
		{0A15785B-62FD-486D-B890-C34ADF276777}.Release|Any CPU.ActiveCfg = Release|Any CPU
		{0A15785B-62FD-486D-B890-C34ADF276777}.Release|Any CPU.Build.0 = Release|Any CPU
	EndGlobalSection
	GlobalSection(SolutionProperties) = preSolution
		HideSolutionNode = FALSE
	EndGlobalSection
	GlobalSection(ExtensibilityGlobals) = postSolution
		SolutionGuid = {6F6A4291-EC9A-4ECB-BF58-F57283CB366D}
	EndGlobalSection
EndGlobal
